version = 1
revision = 3
requires-python = ">=3.14"

[[package]]
name = "gnome-shell-extension-blocker"
version = "0.1.0"
source = { virtual = "." }
dependencies = [
    { name = "shexli" },
]

[package.metadata]
requires-dist = [{ name = "shexli", specifier = ">=0.2.1" }]

[[package]]
name = "shexli"
version = "0.2.1"
source = { registry = "https://pypi.org/simple" }
dependencies = [
    { name = "tree-sitter" },
    { name = "tree-sitter-javascript" },
]
sdist = { url = "https://files.pythonhosted.org/packages/3f/aa/ddf23c2328311e6b1deca226908a714f3c1cb07a2927928ae20cba74166a/shexli-0.2.1.tar.gz", hash = "sha256:d93de4bc70d69d655fb07cf037608d230a848d1653591448f1f199e7282cc2ec", size = 117344, upload-time = "2026-04-10T20:46:11.125Z" }
wheels = [
    { url = "https://files.pythonhosted.org/packages/48/45/1274783c78656cfc68b8cfc59cb8843a2af65db0030bb24392ff41101ca0/shexli-0.2.1-py3-none-any.whl", hash = "sha256:223e74bbf9293230fa9f5247e18801af7380ee466be994fc2a4b699d803d65a6", size = 114650, upload-time = "2026-04-10T20:46:09.691Z" },
]

[[package]]
name = "tree-sitter"
version = "0.25.2"
source = { registry = "https://pypi.org/simple" }
sdist = { url = "https://files.pythonhosted.org/packages/66/7c/0350cfc47faadc0d3cf7d8237a4e34032b3014ddf4a12ded9933e1648b55/tree-sitter-0.25.2.tar.gz", hash = "sha256:fe43c158555da46723b28b52e058ad444195afd1db3ca7720c59a254544e9c20", size = 177961, upload-time = "2025-09-25T17:37:59.751Z" }
wheels = [
    { url = "https://files.pythonhosted.org/packages/07/e3/d9526ba71dfbbe4eba5e51d89432b4b333a49a1e70712aa5590cd22fc74f/tree_sitter-0.25.2-cp314-cp314-macosx_10_13_x86_64.whl", hash = "sha256:65d3c931013ea798b502782acab986bbf47ba2c452610ab0776cf4a8ef150fc0", size = 146776, upload-time = "2025-09-25T17:37:50.898Z" },
    { url = "https://files.pythonhosted.org/packages/42/97/4bd4ad97f85a23011dd8a535534bb1035c4e0bac1234d58f438e15cff51f/tree_sitter-0.25.2-cp314-cp314-macosx_11_0_arm64.whl", hash = "sha256:bda059af9d621918efb813b22fb06b3fe00c3e94079c6143fcb2c565eb44cb87", size = 137732, upload-time = "2025-09-25T17:37:51.877Z" },
    { url = "https://files.pythonhosted.org/packages/b6/19/1e968aa0b1b567988ed522f836498a6a9529a74aab15f09dd9ac1e41f505/tree_sitter-0.25.2-cp314-cp314-manylinux2014_aarch64.manylinux_2_17_aarch64.manylinux_2_28_aarch64.whl", hash = "sha256:eac4e8e4c7060c75f395feec46421eb61212cb73998dbe004b7384724f3682ab", size = 609456, upload-time = "2025-09-25T17:37:52.925Z" },
    { url = "https://files.pythonhosted.org/packages/48/b6/cf08f4f20f4c9094006ef8828555484e842fc468827ad6e56011ab668dbd/tree_sitter-0.25.2-cp314-cp314-manylinux2014_x86_64.manylinux_2_17_x86_64.manylinux_2_28_x86_64.whl", hash = "sha256:260586381b23be33b6191a07cea3d44ecbd6c01aa4c6b027a0439145fcbc3358", size = 636772, upload-time = "2025-09-25T17:37:54.647Z" },
    { url = "https://files.pythonhosted.org/packages/57/e2/d42d55bf56360987c32bc7b16adb06744e425670b823fb8a5786a1cea991/tree_sitter-0.25.2-cp314-cp314-musllinux_1_2_x86_64.whl", hash = "sha256:7d2ee1acbacebe50ba0f85fff1bc05e65d877958f00880f49f9b2af38dce1af0", size = 631522, upload-time = "2025-09-25T17:37:55.833Z" },
    { url = "https://files.pythonhosted.org/packages/03/87/af9604ebe275a9345d88c3ace0cf2a1341aa3f8ef49dd9fc11662132df8a/tree_sitter-0.25.2-cp314-cp314-win_amd64.whl", hash = "sha256:4973b718fcadfb04e59e746abfbb0288694159c6aeecd2add59320c03368c721", size = 130864, upload-time = "2025-09-25T17:37:57.453Z" },
    { url = "https://files.pythonhosted.org/packages/a6/6e/e64621037357acb83d912276ffd30a859ef117f9c680f2e3cb955f47c680/tree_sitter-0.25.2-cp314-cp314-win_arm64.whl", hash = "sha256:b8d4429954a3beb3e844e2872610d2a4800ba4eb42bb1990c6a4b1949b18459f", size = 117470, upload-time = "2025-09-25T17:37:58.431Z" },
]

[[package]]
name = "tree-sitter-javascript"
version = "0.25.0"
source = { registry = "https://pypi.org/simple" }
sdist = { url = "https://files.pythonhosted.org/packages/59/e0/e63103c72a9d3dfd89a31e02e660263ad84b7438e5f44ee82e443e65bbde/tree_sitter_javascript-0.25.0.tar.gz", hash = "sha256:329b5414874f0588a98f1c291f1b28138286617aa907746ffe55adfdcf963f38", size = 132338, upload-time = "2025-09-01T07:13:44.792Z" }
wheels = [
    { url = "https://files.pythonhosted.org/packages/2c/df/5106ac250cd03661ebc3cc75da6b3d9f6800a3606393a0122eca58038104/tree_sitter_javascript-0.25.0-cp310-abi3-macosx_10_9_x86_64.whl", hash = "sha256:b70f887fb269d6e58c349d683f59fa647140c410cfe2bee44a883b20ec92e3dc", size = 64052, upload-time = "2025-09-01T07:13:36.865Z" },
    { url = "https://files.pythonhosted.org/packages/b1/8f/6b4b2bc90d8ab3955856ce852cc9d1e82c81d7ab9646385f0e75ffd5b5d3/tree_sitter_javascript-0.25.0-cp310-abi3-macosx_11_0_arm64.whl", hash = "sha256:8264a996b8845cfce06965152a013b5d9cbb7d199bc3503e12b5682e62bb1de1", size = 66440, upload-time = "2025-09-01T07:13:37.962Z" },
    { url = "https://files.pythonhosted.org/packages/5f/c4/7da74ecdcd8a398f88bd003a87c65403b5fe0e958cdd43fbd5fd4a398fcf/tree_sitter_javascript-0.25.0-cp310-abi3-manylinux1_x86_64.manylinux_2_28_x86_64.manylinux_2_5_x86_64.whl", hash = "sha256:9dc04ba91fc8583344e57c1f1ed5b2c97ecaaf47480011b92fbeab8dda96db75", size = 99728, upload-time = "2025-09-01T07:13:38.755Z" },
    { url = "https://files.pythonhosted.org/packages/96/c8/97da3af4796495e46421e9344738addb3602fa6426ea695be3fcbadbee37/tree_sitter_javascript-0.25.0-cp310-abi3-manylinux2014_aarch64.manylinux_2_17_aarch64.manylinux_2_28_aarch64.whl", hash = "sha256:199d09985190852e0912da2b8d26c932159be314bc04952cf917ed0e4c633e6b", size = 106072, upload-time = "2025-09-01T07:13:39.798Z" },
    { url = "https://files.pythonhosted.org/packages/13/be/c964e8130be08cc9bd6627d845f0e4460945b158429d39510953bbcb8fcc/tree_sitter_javascript-0.25.0-cp310-abi3-musllinux_1_2_aarch64.whl", hash = "sha256:dfcf789064c58dc13c0a4edb550acacfc6f0f280577f1e7a00de3e89fc7f8ddc", size = 104388, upload-time = "2025-09-01T07:13:40.866Z" },
    { url = "https://files.pythonhosted.org/packages/ee/89/9b773dee0f8961d1bb8d7baf0a204ab587618df19897c1ef260916f318ec/tree_sitter_javascript-0.25.0-cp310-abi3-musllinux_1_2_x86_64.whl", hash = "sha256:1b852d3aee8a36186dbcc32c798b11b4869f9b5041743b63b65c2ef793db7a54", size = 98377, upload-time = "2025-09-01T07:13:41.838Z" },
    { url = "https://files.pythonhosted.org/packages/3b/dc/d90cb1790f8cec9b4878d278ad9faf7c8f893189ce0f855304fd704fc274/tree_sitter_javascript-0.25.0-cp310-abi3-win_amd64.whl", hash = "sha256:e5ed840f5bd4a3f0272e441d19429b26eedc257abe5574c8546da6b556865e3c", size = 62975, upload-time = "2025-09-01T07:13:42.828Z" },
    { url = "https://files.pythonhosted.org/packages/2e/1f/f9eba1038b7d4394410f3c0a6ec2122b590cd7acb03f196e52fa57ebbe72/tree_sitter_javascript-0.25.0-cp310-abi3-win_arm64.whl", hash = "sha256:622a69d677aa7f6ee2931d8c77c981a33f0ebb6d275aa9d43d3397c879a9bb0b", size = 61668, upload-time = "2025-09-01T07:13:43.803Z" },
]
